{
  "name": "tls-socket",
  "version": "1.0.0",
  "lockfileVersion": 1,
  "requires": true,
  "dependencies": {
    "async": {
      "version": "1.0.0",
      "resolved": "https://registry.npmjs.org/async/-/async-1.0.0.tgz",
      "integrity": "sha512-5mO7DX4CbJzp9zjaFXusQQ4tzKJARjNB1Ih1pVBi8wkbmXy/xzIDgEMXxWePLzt2OdFwaxfneIlT1nCiXubrPQ=="
    },
    "colors": {
      "version": "1.4.0",
      "resolved": "https://registry.npmjs.org/colors/-/colors-1.4.0.tgz",
      "integrity": "sha512-a+UqTh4kgZg/SlGvfbzDHpgRu7AAQOmmqRHJnxhRZICKFUT91brVhNNt58CMWU9PsBbv3PDCZUHbVxuDiH2mtA=="
    },
    "cycle": {
      "version": "1.0.3",
      "resolved": "https://registry.npmjs.org/cycle/-/cycle-1.0.3.tgz",
      "integrity": "sha512-TVF6svNzeQCOpjCqsy0/CSy8VgObG3wXusJ73xW2GbG5rGx7lC8zxDSURicsXI2UsGdi2L0QNRCi745/wUDvsA=="
    },
    "eyes": {
      "version": "0.1.8",
      "resolved": "https://registry.npmjs.org/eyes/-/eyes-0.1.8.tgz",
      "integrity": "sha512-GipyPsXO1anza0AOZdy69Im7hGFCNB7Y/NGjDlZGJ3GJJLtwNSb2vrzYrTYJRrRloVx7pl+bhUaTB8yiccPvFQ=="
    },
    "isstream": {
      "version": "0.1.2",
      "resolved": "https://registry.npmjs.org/isstream/-/isstream-0.1.2.tgz",
      "integrity": "sha512-Yljz7ffyPbrLpLngrMtZ7NduUgVvi6wG9RJ9IUcyCd59YQ911PBJphODUcbOVbqYfxe1wuYf/LJ8PauMRwsM/g=="
    },
    "minimist": {
      "version": "0.0.10",
      "resolved": "https://registry.npmjs.org/minimist/-/minimist-0.0.10.tgz",
      "integrity": "sha512-iotkTvxc+TwOm5Ieim8VnSNvCDjCK9S8G3scJ50ZthspSxa7jx50jkhYduuAtAjvfDUwSgOwf8+If99AlOEhyw=="
    },
    "moment": {
      "version": "2.29.4",
      "resolved": "https://registry.npmjs.org/moment/-/moment-2.29.4.tgz",
      "integrity": "sha512-5LC9SOxjSc2HF6vO2CyuTDNivEdoz2IvyJJGj6X8DJ0eFyfszE0QiEd+iXmBvUP3WHxSjFH/vIsA0EN00cgr8w=="
    },
    "optimist": {
      "version": "0.6.1",
      "resolved": "https://registry.npmjs.org/optimist/-/optimist-0.6.1.tgz",
      "integrity": "sha512-snN4O4TkigujZphWLN0E//nQmm7790RYaE53DdL7ZYwee2D8DDo9/EyYiKUfN3rneWUjhJnueija3G9I2i0h3g==",
      "requires": {
        "minimist": "~0.0.1",
        "wordwrap": "~0.0.2"
      }
    },
    "pkginfo": {
      "version": "0.3.1",
      "resolved": "https://registry.npmjs.org/pkginfo/-/pkginfo-0.3.1.tgz",
      "integrity": "sha512-yO5feByMzAp96LtP58wvPKSbaKAi/1C4kV9XpTctr6EepnP6F33RBNOiVrdz9BrPA98U2BMFsTNHo44TWcbQ2A=="
    },
    "socketQueue": {
      "version": "git+https://github.com/Alibek10599/iso-8583-socket-queue.git#b74b3474afc072a546899d2d82a958b0206ea97a",
      "from": "git+https://github.com/Alibek10599/iso-8583-socket-queue.git",
      "requires": {
        "colors": "^1.0.3",
        "moment": "^2.9.0",
        "optimist": "^0.6.1",
        "winston": "^1.0.1",
        "winston-logstash": "^0.4.0"
      }
    },
    "stack-trace": {
      "version": "0.0.10",
      "resolved": "https://registry.npmjs.org/stack-trace/-/stack-trace-0.0.10.tgz",
      "integrity": "sha512-KGzahc7puUKkzyMt+IqAep+TVNbKP+k2Lmwhub39m1AsTSkaDutx56aDCo+HLDzf/D26BIHTJWNiTG1KAJiQCg=="
    },
    "winston": {
      "version": "1.1.2",
      "resolved": "https://registry.npmjs.org/winston/-/winston-1.1.2.tgz",
      "integrity": "sha512-rl9hA8se2gjdYI6nP1f+kjjSCFCZrObIJB/eXOcMdzWxxcYp7exyc5Bs248fwLT+wHA/+aK0VtBlPHL8qO0T0w==",
      "requires": {
        "async": "~1.0.0",
        "colors": "1.0.x",
        "cycle": "1.0.x",
        "eyes": "0.1.x",
        "isstream": "0.1.x",
        "pkginfo": "0.3.x",
        "stack-trace": "0.0.x"
      },
      "dependencies": {
        "colors": {
          "version": "1.0.3",
          "resolved": "https://registry.npmjs.org/colors/-/colors-1.0.3.tgz",
          "integrity": "sha512-pFGrxThWcWQ2MsAz6RtgeWe4NK2kUE1WfsrvvlctdII745EW9I0yflqhe7++M5LEc7bV2c/9/5zc8sFcpL0Drw=="
        }
      }
    },
    "winston-logstash": {
      "version": "0.4.0",
      "resolved": "https://registry.npmjs.org/winston-logstash/-/winston-logstash-0.4.0.tgz",
      "integrity": "sha512-P31aKNVlgPWBWH5Q1mpa/S871bzofFF708FwjncU4vhxXfSJCVFC48yEk/iBgXCK4OlZkXtBxzRPEE+3dAdbEA=="
    },
    "wordwrap": {
      "version": "0.0.3",
      "resolved": "https://registry.npmjs.org/wordwrap/-/wordwrap-0.0.3.tgz",
      "integrity": "sha512-1tMA907+V4QmxV7dbRvb4/8MaRALK6q9Abid3ndMYnbyo8piisCmeONVqVSXqQA3KaP4SLt5b7ud6E2sqP8TFw=="
    }
  }
}
